
Microsoft Visual Studio Solution File, Format Version 12.00
# Visual Studio Version 17
VisualStudioVersion = 17.1.32228.430
MinimumVisualStudioVersion = 10.0.40219.1
Project("{9A19103F-16F7-4668-BE54-9A1E7A4F7556}") = "Beey.DataExchangeModel.Common", "Beey.DataExchangeModel.Common\Beey.DataExchangeModel.Common.csproj", "{EA0E4AB4-7F5A-45D8-80D5-3A4F09FFF839}"
EndProject
Project("{9A19103F-16F7-4668-BE54-9A1E7A4F7556}") = "TranscriptionCore", "TranscriptionCore\TranscriptionCore.csproj", "{565F2DDE-5EC9-46C2-B38C-8C10638504E0}"
EndProject
Global
	GlobalSection(SolutionConfigurationPlatforms) = preSolution
		Debug|Any CPU = Debug|Any CPU
		Release|Any CPU = Release|Any CPU
	EndGlobalSection
	GlobalSection(ProjectConfigurationPlatforms) = postSolution
		{EA0E4AB4-7F5A-45D8-80D5-3A4F09FFF839}.Debug|Any CPU.ActiveCfg = Debug|Any CPU
		{EA0E4AB4-7F5A-45D8-80D5-3A4F09FFF839}.Debug|Any CPU.Build.0 = Debug|Any CPU
		{EA0E4AB4-7F5A-45D8-80D5-3A4F09FFF839}.Release|Any CPU.ActiveCfg = Release|Any CPU
		{EA0E4AB4-7F5A-45D8-80D5-3A4F09FFF839}.Release|Any CPU.Build.0 = Release|Any CPU
		{565F2DDE-5EC9-46C2-B38C-8C10638504E0}.Debug|Any CPU.ActiveCfg = Debug|Any CPU
		{565F2DDE-5EC9-46C2-B38C-8C10638504E0}.Debug|Any CPU.Build.0 = Debug|Any CPU
		{565F2DDE-5EC9-46C2-B38C-8C10638504E0}.Release|Any CPU.ActiveCfg = Release|Any CPU
		{565F2DDE-5EC9-46C2-B38C-8C10638504E0}.Release|Any CPU.Build.0 = Release|Any CPU
	EndGlobalSection
	GlobalSection(SolutionProperties) = preSolution
		HideSolutionNode = FALSE
	EndGlobalSection
	GlobalSection(ExtensibilityGlobals) = postSolution
		SolutionGuid = {A74F6055-5539-4032-AF4F-EC0D95EAA455}
	EndGlobalSection
EndGlobal
