
Microsoft Visual Studio Solution File, Format Version 12.00
# Visual Studio Version 16
VisualStudioVersion = 16.0.29001.49
MinimumVisualStudioVersion = 10.0.40219.1
Project("{D954291E-2A0B-460D-934E-DC6B0785DB48}") = "Beey.DataExchangeModel", "Beey.DataExchangeModel.shproj", "{306CEFB5-A8C2-4577-8332-13827A9EC870}"
EndProject
Global
	GlobalSection(SharedMSBuildProjectFiles) = preSolution
		Beey.DataExchangeModel.projitems*{306cefb5-a8c2-4577-8332-13827a9ec870}*SharedItemsImports = 13
	EndGlobalSection
	GlobalSection(SolutionProperties) = preSolution
		HideSolutionNode = FALSE
	EndGlobalSection
	GlobalSection(ExtensibilityGlobals) = postSolution
		SolutionGuid = {A74F6055-5539-4032-AF4F-EC0D95EAA455}
	EndGlobalSection
EndGlobal
